# This file is automatically @generated by Cargo.
# It is not intended for manual editing.
[[package]]
name = "chemcore"
version = "0.3.1"
source = "registry+https://github.com/rust-lang/crates.io-index"
checksum = "813c9ff6c3bd47dc60844b539c4d4537b03f9b67af01aba641455750bf900602"
dependencies = [
 "gamma",
 "purr",
]

[[package]]
name = "gamma"
version = "0.8.1"
source = "registry+https://github.com/rust-lang/crates.io-index"
checksum = "598aa3d76b6761086bef56540d97ae1cca8b44d1fec56a64282fdbeba83f13dc"

[[package]]
name = "purr"
version = "0.6.3"
source = "registry+https://github.com/rust-lang/crates.io-index"
checksum = "5f5be343c265dbe00204af27ce42b8f5e905a965d97985dbde974e25bf25e451"

[[package]]
name = "smiles_performance"
version = "0.1.0"
dependencies = [
 "chemcore",
 "gamma",
]
